// !$*UTF8*$!
{
	archiveVersion = 1;
	classes = {
	};
	objectVersion = 51;
	objects = {

/* Begin PBXBuildFile section */
		46056589AA269B18CB66F331 /* Pods_StampCard.framework in Frameworks */ = {isa = PBXBuildFile; fileRef = 4D030574BF9D205D0E544723 /* Pods_StampCard.framework */; };
		557CD643D4E0B429FEE5BA35 /* Pods_StampCardTests.framework in Frameworks */ = {isa = PBXBuildFile; fileRef = 3E7724EE3EA69278448D0D0A /* Pods_StampCardTests.framework */; };
		AE69AF2D2458202500CB297B /* GoogleService-Info.plist in Resources */ = {isa = PBXBuildFile; fileRef = AE69AF2C2458202500CB297B /* GoogleService-Info.plist */; };
		AE69AF2F2458F85A00CB297B /* DataRepository.swift in Sources */ = {isa = PBXBuildFile; fileRef = AE69AF2E2458F85900CB297B /* DataRepository.swift */; };
		AEF0A2E924515C3B000664C4 /* AppDelegate.swift in Sources */ = {isa = PBXBuildFile; fileRef = AEF0A2E824515C3B000664C4 /* AppDelegate.swift */; };
		AEF0A2EB24515C3B000664C4 /* SceneDelegate.swift in Sources */ = {isa = PBXBuildFile; fileRef = AEF0A2EA24515C3B000664C4 /* SceneDelegate.swift */; };
		AEF0A2EE24515C3B000664C4 /* StampCard.xcdatamodeld in Sources */ = {isa = PBXBuildFile; fileRef = AEF0A2EC24515C3B000664C4 /* StampCard.xcdatamodeld */; };
		AEF0A2F024515C3B000664C4 /* ContentView.swift in Sources */ = {isa = PBXBuildFile; fileRef = AEF0A2EF24515C3B000664C4 /* ContentView.swift */; };
		AEF0A2F224515C3E000664C4 /* Assets.xcassets in Resources */ = {isa = PBXBuildFile; fileRef = AEF0A2F124515C3E000664C4 /* Assets.xcassets */; };
		AEF0A2F524515C3E000664C4 /* Preview Assets.xcassets in Resources */ = {isa = PBXBuildFile; fileRef = AEF0A2F424515C3E000664C4 /* Preview Assets.xcassets */; };
		AEF0A2F824515C3E000664C4 /* LaunchScreen.storyboard in Resources */ = {isa = PBXBuildFile; fileRef = AEF0A2F624515C3E000664C4 /* LaunchScreen.storyboard */; };
		AEF0A30324515C3F000664C4 /* StampCardTests.swift in Sources */ = {isa = PBXBuildFile; fileRef = AEF0A30224515C3F000664C4 /* StampCardTests.swift */; };
		AEF0A30E24515C3F000664C4 /* StampCardUITests.swift in Sources */ = {isa = PBXBuildFile; fileRef = AEF0A30D24515C3F000664C4 /* StampCardUITests.swift */; };
		AEF0A31E2451A122000664C4 /* QRCodeDisplayView.swift in Sources */ = {isa = PBXBuildFile; fileRef = AEF0A31D2451A122000664C4 /* QRCodeDisplayView.swift */; };
		AEF0A3202452816A000664C4 /* LoginView.swift in Sources */ = {isa = PBXBuildFile; fileRef = AEF0A31F2452816A000664C4 /* LoginView.swift */; };
		AEF0A32224528783000664C4 /* CreateAccountView.swift in Sources */ = {isa = PBXBuildFile; fileRef = AEF0A32124528783000664C4 /* CreateAccountView.swift */; };
		AEF0A324245288AD000664C4 /* ChangePasswordView.swift in Sources */ = {isa = PBXBuildFile; fileRef = AEF0A323245288AD000664C4 /* ChangePasswordView.swift */; };
		AEF0A326245289A8000664C4 /* AccountInfoView.swift in Sources */ = {isa = PBXBuildFile; fileRef = AEF0A325245289A8000664C4 /* AccountInfoView.swift */; };
		AEF0A3282452C91D000664C4 /* ChangeEmailView.swift in Sources */ = {isa = PBXBuildFile; fileRef = AEF0A3272452C91D000664C4 /* ChangeEmailView.swift */; };
		AEF0A32A2452CE78000664C4 /* MenuRow.swift in Sources */ = {isa = PBXBuildFile; fileRef = AEF0A3292452CE78000664C4 /* MenuRow.swift */; };
		AEF0A32C2452CEC8000664C4 /* MenuView.swift in Sources */ = {isa = PBXBuildFile; fileRef = AEF0A32B2452CEC8000664C4 /* MenuView.swift */; };
		AEF0A32E2452CF0A000664C4 /* SideMenuView.swift in Sources */ = {isa = PBXBuildFile; fileRef = AEF0A32D2452CF0A000664C4 /* SideMenuView.swift */; };
		AEF0A3302452CFD7000664C4 /* Menu.swift in Sources */ = {isa = PBXBuildFile; fileRef = AEF0A32F2452CFD7000664C4 /* Menu.swift */; };
		F41A1E08691699885C4B4B86 /* Pods_StampCard_StampCardUITests.framework in Frameworks */ = {isa = PBXBuildFile; fileRef = D424357AD8E4261782D860D3 /* Pods_StampCard_StampCardUITests.framework */; };
/* End PBXBuildFile section */

/* Begin PBXContainerItemProxy section */
		AEF0A2FF24515C3F000664C4 /* PBXContainerItemProxy */ = {
			isa = PBXContainerItemProxy;
			containerPortal = AEF0A2DD24515C3B000664C4 /* Project object */;
			proxyType = 1;
			remoteGlobalIDString = AEF0A2E424515C3B000664C4;
			remoteInfo = StampCard;
		};
		AEF0A30A24515C3F000664C4 /* PBXContainerItemProxy */ = {
			isa = PBXContainerItemProxy;
			containerPortal = AEF0A2DD24515C3B000664C4 /* Project object */;
			proxyType = 1;
			remoteGlobalIDString = AEF0A2E424515C3B000664C4;
			remoteInfo = StampCard;
		};
/* End PBXContainerItemProxy section */

/* Begin PBXFileReference section */
		24E5611E96B96172936EC141 /* Pods-StampCardTests.release.xcconfig */ = {isa = PBXFileReference; includeInIndex = 1; lastKnownFileType = text.xcconfig; name = "Pods-StampCardTests.release.xcconfig"; path = "Target Support Files/Pods-StampCardTests/Pods-StampCardTests.release.xcconfig"; sourceTree = "<group>"; };
		2E1C093DA5A9C1547FD53F70 /* Pods-StampCard-StampCardUITests.debug.xcconfig */ = {isa = PBXFileReference; includeInIndex = 1; lastKnownFileType = text.xcconfig; name = "Pods-StampCard-StampCardUITests.debug.xcconfig"; path = "Target Support Files/Pods-StampCard-StampCardUITests/Pods-StampCard-StampCardUITests.debug.xcconfig"; sourceTree = "<group>"; };
		2E8896AD732EF7FFAFF1695B /* Pods-StampCard.release.xcconfig */ = {isa = PBXFileReference; includeInIndex = 1; lastKnownFileType = text.xcconfig; name = "Pods-StampCard.release.xcconfig"; path = "Target Support Files/Pods-StampCard/Pods-StampCard.release.xcconfig"; sourceTree = "<group>"; };
		2FB134C3A1F7E72033030965 /* Pods-StampCard.debug.xcconfig */ = {isa = PBXFileReference; includeInIndex = 1; lastKnownFileType = text.xcconfig; name = "Pods-StampCard.debug.xcconfig"; path = "Target Support Files/Pods-StampCard/Pods-StampCard.debug.xcconfig"; sourceTree = "<group>"; };
		3E7724EE3EA69278448D0D0A /* Pods_StampCardTests.framework */ = {isa = PBXFileReference; explicitFileType = wrapper.framework; includeInIndex = 0; path = Pods_StampCardTests.framework; sourceTree = BUILT_PRODUCTS_DIR; };
		4D030574BF9D205D0E544723 /* Pods_StampCard.framework */ = {isa = PBXFileReference; explicitFileType = wrapper.framework; includeInIndex = 0; path = Pods_StampCard.framework; sourceTree = BUILT_PRODUCTS_DIR; };
		7B91237397A861A1DF10EFD8 /* Pods-StampCardTests.debug.xcconfig */ = {isa = PBXFileReference; includeInIndex = 1; lastKnownFileType = text.xcconfig; name = "Pods-StampCardTests.debug.xcconfig"; path = "Target Support Files/Pods-StampCardTests/Pods-StampCardTests.debug.xcconfig"; sourceTree = "<group>"; };
		857409F316CC63FBBFA0D423 /* Pods-StampCard-StampCardUITests.release.xcconfig */ = {isa = PBXFileReference; includeInIndex = 1; lastKnownFileType = text.xcconfig; name = "Pods-StampCard-StampCardUITests.release.xcconfig"; path = "Target Support Files/Pods-StampCard-StampCardUITests/Pods-StampCard-StampCardUITests.release.xcconfig"; sourceTree = "<group>"; };
		AE69AF2C2458202500CB297B /* GoogleService-Info.plist */ = {isa = PBXFileReference; fileEncoding = 4; lastKnownFileType = text.plist.xml; path = "GoogleService-Info.plist"; sourceTree = "<group>"; };
		AE69AF2E2458F85900CB297B /* DataRepository.swift */ = {isa = PBXFileReference; lastKnownFileType = sourcecode.swift; path = DataRepository.swift; sourceTree = "<group>"; };
		AEF0A2E524515C3B000664C4 /* StampCard.app */ = {isa = PBXFileReference; explicitFileType = wrapper.application; includeInIndex = 0; path = StampCard.app; sourceTree = BUILT_PRODUCTS_DIR; };
		AEF0A2E824515C3B000664C4 /* AppDelegate.swift */ = {isa = PBXFileReference; lastKnownFileType = sourcecode.swift; path = AppDelegate.swift; sourceTree = "<group>"; };
		AEF0A2EA24515C3B000664C4 /* SceneDelegate.swift */ = {isa = PBXFileReference; lastKnownFileType = sourcecode.swift; path = SceneDelegate.swift; sourceTree = "<group>"; };
		AEF0A2ED24515C3B000664C4 /* StampCard.xcdatamodel */ = {isa = PBXFileReference; lastKnownFileType = wrapper.xcdatamodel; path = StampCard.xcdatamodel; sourceTree = "<group>"; };
		AEF0A2EF24515C3B000664C4 /* ContentView.swift */ = {isa = PBXFileReference; lastKnownFileType = sourcecode.swift; path = ContentView.swift; sourceTree = "<group>"; };
		AEF0A2F124515C3E000664C4 /* Assets.xcassets */ = {isa = PBXFileReference; lastKnownFileType = folder.assetcatalog; path = Assets.xcassets; sourceTree = "<group>"; };
		AEF0A2F424515C3E000664C4 /* Preview Assets.xcassets */ = {isa = PBXFileReference; lastKnownFileType = folder.assetcatalog; path = "Preview Assets.xcassets"; sourceTree = "<group>"; };
		AEF0A2F724515C3E000664C4 /* Base */ = {isa = PBXFileReference; lastKnownFileType = file.storyboard; name = Base; path = Base.lproj/LaunchScreen.storyboard; sourceTree = "<group>"; };
		AEF0A2F924515C3E000664C4 /* Info.plist */ = {isa = PBXFileReference; lastKnownFileType = text.plist.xml; path = Info.plist; sourceTree = "<group>"; };
		AEF0A2FE24515C3F000664C4 /* StampCardTests.xctest */ = {isa = PBXFileReference; explicitFileType = wrapper.cfbundle; includeInIndex = 0; path = StampCardTests.xctest; sourceTree = BUILT_PRODUCTS_DIR; };
		AEF0A30224515C3F000664C4 /* StampCardTests.swift */ = {isa = PBXFileReference; lastKnownFileType = sourcecode.swift; path = StampCardTests.swift; sourceTree = "<group>"; };
		AEF0A30424515C3F000664C4 /* Info.plist */ = {isa = PBXFileReference; lastKnownFileType = text.plist.xml; path = Info.plist; sourceTree = "<group>"; };
		AEF0A30924515C3F000664C4 /* StampCardUITests.xctest */ = {isa = PBXFileReference; explicitFileType = wrapper.cfbundle; includeInIndex = 0; path = StampCardUITests.xctest; sourceTree = BUILT_PRODUCTS_DIR; };
		AEF0A30D24515C3F000664C4 /* StampCardUITests.swift */ = {isa = PBXFileReference; lastKnownFileType = sourcecode.swift; path = StampCardUITests.swift; sourceTree = "<group>"; };
		AEF0A30F24515C3F000664C4 /* Info.plist */ = {isa = PBXFileReference; lastKnownFileType = text.plist.xml; path = Info.plist; sourceTree = "<group>"; };
		AEF0A31D2451A122000664C4 /* QRCodeDisplayView.swift */ = {isa = PBXFileReference; lastKnownFileType = sourcecode.swift; path = QRCodeDisplayView.swift; sourceTree = "<group>"; };
		AEF0A31F2452816A000664C4 /* LoginView.swift */ = {isa = PBXFileReference; lastKnownFileType = sourcecode.swift; path = LoginView.swift; sourceTree = "<group>"; };
		AEF0A32124528783000664C4 /* CreateAccountView.swift */ = {isa = PBXFileReference; lastKnownFileType = sourcecode.swift; path = CreateAccountView.swift; sourceTree = "<group>"; };
		AEF0A323245288AD000664C4 /* ChangePasswordView.swift */ = {isa = PBXFileReference; lastKnownFileType = sourcecode.swift; path = ChangePasswordView.swift; sourceTree = "<group>"; };
		AEF0A325245289A8000664C4 /* AccountInfoView.swift */ = {isa = PBXFileReference; lastKnownFileType = sourcecode.swift; path = AccountInfoView.swift; sourceTree = "<group>"; };
		AEF0A3272452C91D000664C4 /* ChangeEmailView.swift */ = {isa = PBXFileReference; lastKnownFileType = sourcecode.swift; path = ChangeEmailView.swift; sourceTree = "<group>"; };
		AEF0A3292452CE78000664C4 /* MenuRow.swift */ = {isa = PBXFileReference; lastKnownFileType = sourcecode.swift; path = MenuRow.swift; sourceTree = "<group>"; };
		AEF0A32B2452CEC8000664C4 /* MenuView.swift */ = {isa = PBXFileReference; lastKnownFileType = sourcecode.swift; path = MenuView.swift; sourceTree = "<group>"; };
		AEF0A32D2452CF0A000664C4 /* SideMenuView.swift */ = {isa = PBXFileReference; lastKnownFileType = sourcecode.swift; path = SideMenuView.swift; sourceTree = "<group>"; };
		AEF0A32F2452CFD7000664C4 /* Menu.swift */ = {isa = PBXFileReference; lastKnownFileType = sourcecode.swift; path = Menu.swift; sourceTree = "<group>"; };
		D424357AD8E4261782D860D3 /* Pods_StampCard_StampCardUITests.framework */ = {isa = PBXFileReference; explicitFileType = wrapper.framework; includeInIndex = 0; path = Pods_StampCard_StampCardUITests.framework; sourceTree = BUILT_PRODUCTS_DIR; };
/* End PBXFileReference section */

/* Begin PBXFrameworksBuildPhase section */
		AEF0A2E224515C3B000664C4 /* Frameworks */ = {
			isa = PBXFrameworksBuildPhase;
			buildActionMask = 2147483647;
			files = (
				46056589AA269B18CB66F331 /* Pods_StampCard.framework in Frameworks */,
			);
			runOnlyForDeploymentPostprocessing = 0;
		};
		AEF0A2FB24515C3F000664C4 /* Frameworks */ = {
			isa = PBXFrameworksBuildPhase;
			buildActionMask = 2147483647;
			files = (
				557CD643D4E0B429FEE5BA35 /* Pods_StampCardTests.framework in Frameworks */,
			);
			runOnlyForDeploymentPostprocessing = 0;
		};
		AEF0A30624515C3F000664C4 /* Frameworks */ = {
			isa = PBXFrameworksBuildPhase;
			buildActionMask = 2147483647;
			files = (
				F41A1E08691699885C4B4B86 /* Pods_StampCard_StampCardUITests.framework in Frameworks */,
			);
			runOnlyForDeploymentPostprocessing = 0;
		};
/* End PBXFrameworksBuildPhase section */

/* Begin PBXGroup section */
		0D6E4D89EDAE0490EAD2B423 /* Frameworks */ = {
			isa = PBXGroup;
			children = (
				4D030574BF9D205D0E544723 /* Pods_StampCard.framework */,
				D424357AD8E4261782D860D3 /* Pods_StampCard_StampCardUITests.framework */,
				3E7724EE3EA69278448D0D0A /* Pods_StampCardTests.framework */,
			);
			name = Frameworks;
			sourceTree = "<group>";
		};
		AEF0A2DC24515C3B000664C4 = {
			isa = PBXGroup;
			children = (
				AEF0A2E724515C3B000664C4 /* StampCard */,
				AEF0A30124515C3F000664C4 /* StampCardTests */,
				AEF0A30C24515C3F000664C4 /* StampCardUITests */,
				AEF0A2E624515C3B000664C4 /* Products */,
				DCD871326D7D23078D16485E /* Pods */,
				0D6E4D89EDAE0490EAD2B423 /* Frameworks */,
			);
			sourceTree = "<group>";
		};
		AEF0A2E624515C3B000664C4 /* Products */ = {
			isa = PBXGroup;
			children = (
				AEF0A2E524515C3B000664C4 /* StampCard.app */,
				AEF0A2FE24515C3F000664C4 /* StampCardTests.xctest */,
				AEF0A30924515C3F000664C4 /* StampCardUITests.xctest */,
			);
			name = Products;
			sourceTree = "<group>";
		};
		AEF0A2E724515C3B000664C4 /* StampCard */ = {
			isa = PBXGroup;
			children = (
				AEF0A2E824515C3B000664C4 /* AppDelegate.swift */,
				AEF0A2EA24515C3B000664C4 /* SceneDelegate.swift */,
				AEF0A2EF24515C3B000664C4 /* ContentView.swift */,
				AEF0A31D2451A122000664C4 /* QRCodeDisplayView.swift */,
				AEF0A31F2452816A000664C4 /* LoginView.swift */,
				AEF0A3292452CE78000664C4 /* MenuRow.swift */,
				AEF0A32B2452CEC8000664C4 /* MenuView.swift */,
				AEF0A32D2452CF0A000664C4 /* SideMenuView.swift */,
				AEF0A32F2452CFD7000664C4 /* Menu.swift */,
				AEF0A323245288AD000664C4 /* ChangePasswordView.swift */,
				AEF0A3272452C91D000664C4 /* ChangeEmailView.swift */,
				AEF0A325245289A8000664C4 /* AccountInfoView.swift */,
				AE69AF2E2458F85900CB297B /* DataRepository.swift */,
				AEF0A32124528783000664C4 /* CreateAccountView.swift */,
				AEF0A2F124515C3E000664C4 /* Assets.xcassets */,
				AEF0A2F624515C3E000664C4 /* LaunchScreen.storyboard */,
				AEF0A2F924515C3E000664C4 /* Info.plist */,
				AE69AF2C2458202500CB297B /* GoogleService-Info.plist */,
				AEF0A2EC24515C3B000664C4 /* StampCard.xcdatamodeld */,
				AEF0A2F324515C3E000664C4 /* Preview Content */,
			);
			path = StampCard;
			sourceTree = "<group>";
		};
		AEF0A2F324515C3E000664C4 /* Preview Content */ = {
			isa = PBXGroup;
			children = (
				AEF0A2F424515C3E000664C4 /* Preview Assets.xcassets */,
			);
			path = "Preview Content";
			sourceTree = "<group>";
		};
		AEF0A30124515C3F000664C4 /* StampCardTests */ = {
			isa = PBXGroup;
			children = (
				AEF0A30224515C3F000664C4 /* StampCardTests.swift */,
				AEF0A30424515C3F000664C4 /* Info.plist */,
			);
			path = StampCardTests;
			sourceTree = "<group>";
		};
		AEF0A30C24515C3F000664C4 /* StampCardUITests */ = {
			isa = PBXGroup;
			children = (
				AEF0A30D24515C3F000664C4 /* StampCardUITests.swift */,
				AEF0A30F24515C3F000664C4 /* Info.plist */,
			);
			path = StampCardUITests;
			sourceTree = "<group>";
		};
		DCD871326D7D23078D16485E /* Pods */ = {
			isa = PBXGroup;
			children = (
				2FB134C3A1F7E72033030965 /* Pods-StampCard.debug.xcconfig */,
				2E8896AD732EF7FFAFF1695B /* Pods-StampCard.release.xcconfig */,
				2E1C093DA5A9C1547FD53F70 /* Pods-StampCard-StampCardUITests.debug.xcconfig */,
				857409F316CC63FBBFA0D423 /* Pods-StampCard-StampCardUITests.release.xcconfig */,
				7B91237397A861A1DF10EFD8 /* Pods-StampCardTests.debug.xcconfig */,
				24E5611E96B96172936EC141 /* Pods-StampCardTests.release.xcconfig */,
			);
			path = Pods;
			sourceTree = "<group>";
		};
/* End PBXGroup section */

/* Begin PBXNativeTarget section */
		AEF0A2E424515C3B000664C4 /* StampCard */ = {
			isa = PBXNativeTarget;
			buildConfigurationList = AEF0A31224515C3F000664C4 /* Build configuration list for PBXNativeTarget "StampCard" */;
			buildPhases = (
				5758D6F22677801389B80E6C /* [CP] Check Pods Manifest.lock */,
				AEF0A2E124515C3B000664C4 /* Sources */,
				AEF0A2E224515C3B000664C4 /* Frameworks */,
				AEF0A2E324515C3B000664C4 /* Resources */,
				BEA72F313D20F2811B20055C /* [CP] Embed Pods Frameworks */,
			);
			buildRules = (
			);
			dependencies = (
			);
			name = StampCard;
			productName = StampCard;
			productReference = AEF0A2E524515C3B000664C4 /* StampCard.app */;
			productType = "com.apple.product-type.application";
		};
		AEF0A2FD24515C3F000664C4 /* StampCardTests */ = {
			isa = PBXNativeTarget;
			buildConfigurationList = AEF0A31524515C3F000664C4 /* Build configuration list for PBXNativeTarget "StampCardTests" */;
			buildPhases = (
				1BC23D346C74076932E7FCA5 /* [CP] Check Pods Manifest.lock */,
				AEF0A2FA24515C3F000664C4 /* Sources */,
				AEF0A2FB24515C3F000664C4 /* Frameworks */,
				AEF0A2FC24515C3F000664C4 /* Resources */,
			);
			buildRules = (
			);
			dependencies = (
				AEF0A30024515C3F000664C4 /* PBXTargetDependency */,
			);
			name = StampCardTests;
			productName = StampCardTests;
			productReference = AEF0A2FE24515C3F000664C4 /* StampCardTests.xctest */;
			productType = "com.apple.product-type.bundle.unit-test";
		};
		AEF0A30824515C3F000664C4 /* StampCardUITests */ = {
			isa = PBXNativeTarget;
			buildConfigurationList = AEF0A31824515C3F000664C4 /* Build configuration list for PBXNativeTarget "StampCardUITests" */;
			buildPhases = (
				17E4A686DE0579AE0F670B0E /* [CP] Check Pods Manifest.lock */,
				AEF0A30524515C3F000664C4 /* Sources */,
				AEF0A30624515C3F000664C4 /* Frameworks */,
				AEF0A30724515C3F000664C4 /* Resources */,
				AB716C9F1C82ADF11DF3642A /* [CP] Embed Pods Frameworks */,
			);
			buildRules = (
			);
			dependencies = (
				AEF0A30B24515C3F000664C4 /* PBXTargetDependency */,
			);
			name = StampCardUITests;
			productName = StampCardUITests;
			productReference = AEF0A30924515C3F000664C4 /* StampCardUITests.xctest */;
			productType = "com.apple.product-type.bundle.ui-testing";
		};
/* End PBXNativeTarget section */

/* Begin PBXProject section */
		AEF0A2DD24515C3B000664C4 /* Project object */ = {
			isa = PBXProject;
			attributes = {
				LastSwiftUpdateCheck = 1140;
				LastUpgradeCheck = 1140;
				ORGANIZATIONNAME = kazudmb;
				TargetAttributes = {
					AEF0A2E424515C3B000664C4 = {
						CreatedOnToolsVersion = 11.4;
					};
					AEF0A2FD24515C3F000664C4 = {
						CreatedOnToolsVersion = 11.4;
						TestTargetID = AEF0A2E424515C3B000664C4;
					};
					AEF0A30824515C3F000664C4 = {
						CreatedOnToolsVersion = 11.4;
						TestTargetID = AEF0A2E424515C3B000664C4;
					};
				};
			};
			buildConfigurationList = AEF0A2E024515C3B000664C4 /* Build configuration list for PBXProject "StampCard" */;
			compatibilityVersion = "Xcode 9.3";
			developmentRegion = en;
			hasScannedForEncodings = 0;
			knownRegions = (
				en,
				Base,
			);
			mainGroup = AEF0A2DC24515C3B000664C4;
			productRefGroup = AEF0A2E624515C3B000664C4 /* Products */;
			projectDirPath = "";
			projectRoot = "";
			targets = (
				AEF0A2E424515C3B000664C4 /* StampCard */,
				AEF0A2FD24515C3F000664C4 /* StampCardTests */,
				AEF0A30824515C3F000664C4 /* StampCardUITests */,
			);
		};
/* End PBXProject section */

/* Begin PBXResourcesBuildPhase section */
		AEF0A2E324515C3B000664C4 /* Resources */ = {
			isa = PBXResourcesBuildPhase;
			buildActionMask = 2147483647;
			files = (
				AEF0A2F824515C3E000664C4 /* LaunchScreen.storyboard in Resources */,
				AE69AF2D2458202500CB297B /* GoogleService-Info.plist in Resources */,
				AEF0A2F524515C3E000664C4 /* Preview Assets.xcassets in Resources */,
				AEF0A2F224515C3E000664C4 /* Assets.xcassets in Resources */,
			);
			runOnlyForDeploymentPostprocessing = 0;
		};
		AEF0A2FC24515C3F000664C4 /* Resources */ = {
			isa = PBXResourcesBuildPhase;
			buildActionMask = 2147483647;
			files = (
			);
			runOnlyForDeploymentPostprocessing = 0;
		};
		AEF0A30724515C3F000664C4 /* Resources */ = {
			isa = PBXResourcesBuildPhase;
			buildActionMask = 2147483647;
			files = (
			);
			runOnlyForDeploymentPostprocessing = 0;
		};
/* End PBXResourcesBuildPhase section */

/* Begin PBXShellScriptBuildPhase section */
		17E4A686DE0579AE0F670B0E /* [CP] Check Pods Manifest.lock */ = {
			isa = PBXShellScriptBuildPhase;
			buildActionMask = 2147483647;
			files = (
			);
			inputFileListPaths = (
			);
			inputPaths = (
				"${PODS_PODFILE_DIR_PATH}/Podfile.lock",
				"${PODS_ROOT}/Manifest.lock",
			);
			name = "[CP] Check Pods Manifest.lock";
			outputFileListPaths = (
			);
			outputPaths = (
				"$(DERIVED_FILE_DIR)/Pods-StampCard-StampCardUITests-checkManifestLockResult.txt",
			);
			runOnlyForDeploymentPostprocessing = 0;
			shellPath = /bin/sh;
			shellScript = "diff \"${PODS_PODFILE_DIR_PATH}/Podfile.lock\" \"${PODS_ROOT}/Manifest.lock\" > /dev/null\nif [ $? != 0 ] ; then\n    # print error to STDERR\n    echo \"error: The sandbox is not in sync with the Podfile.lock. Run 'pod install' or update your CocoaPods installation.\" >&2\n    exit 1\nfi\n# This output is used by Xcode 'outputs' to avoid re-running this script phase.\necho \"SUCCESS\" > \"${SCRIPT_OUTPUT_FILE_0}\"\n";
			showEnvVarsInLog = 0;
		};
		1BC23D346C74076932E7FCA5 /* [CP] Check Pods Manifest.lock */ = {
			isa = PBXShellScriptBuildPhase;
			buildActionMask = 2147483647;
			files = (
			);
			inputFileListPaths = (
			);
			inputPaths = (
				"${PODS_PODFILE_DIR_PATH}/Podfile.lock",
				"${PODS_ROOT}/Manifest.lock",
			);
			name = "[CP] Check Pods Manifest.lock";
			outputFileListPaths = (
			);
			outputPaths = (
				"$(DERIVED_FILE_DIR)/Pods-StampCardTests-checkManifestLockResult.txt",
			);
			runOnlyForDeploymentPostprocessing = 0;
			shellPath = /bin/sh;
			shellScript = "diff \"${PODS_PODFILE_DIR_PATH}/Podfile.lock\" \"${PODS_ROOT}/Manifest.lock\" > /dev/null\nif [ $? != 0 ] ; then\n    # print error to STDERR\n    echo \"error: The sandbox is not in sync with the Podfile.lock. Run 'pod install' or update your CocoaPods installation.\" >&2\n    exit 1\nfi\n# This output is used by Xcode 'outputs' to avoid re-running this script phase.\necho \"SUCCESS\" > \"${SCRIPT_OUTPUT_FILE_0}\"\n";
			showEnvVarsInLog = 0;
		};
		5758D6F22677801389B80E6C /* [CP] Check Pods Manifest.lock */ = {
			isa = PBXShellScriptBuildPhase;
			buildActionMask = 2147483647;
			files = (
			);
			inputFileListPaths = (
			);
			inputPaths = (
				"${PODS_PODFILE_DIR_PATH}/Podfile.lock",
				"${PODS_ROOT}/Manifest.lock",
			);
			name = "[CP] Check Pods Manifest.lock";
			outputFileListPaths = (
			);
			outputPaths = (
				"$(DERIVED_FILE_DIR)/Pods-StampCard-checkManifestLockResult.txt",
			);
			runOnlyForDeploymentPostprocessing = 0;
			shellPath = /bin/sh;
			shellScript = "diff \"${PODS_PODFILE_DIR_PATH}/Podfile.lock\" \"${PODS_ROOT}/Manifest.lock\" > /dev/null\nif [ $? != 0 ] ; then\n    # print error to STDERR\n    echo \"error: The sandbox is not in sync with the Podfile.lock. Run 'pod install' or update your CocoaPods installation.\" >&2\n    exit 1\nfi\n# This output is used by Xcode 'outputs' to avoid re-running this script phase.\necho \"SUCCESS\" > \"${SCRIPT_OUTPUT_FILE_0}\"\n";
			showEnvVarsInLog = 0;
		};
		AB716C9F1C82ADF11DF3642A /* [CP] Embed Pods Frameworks */ = {
			isa = PBXShellScriptBuildPhase;
			buildActionMask = 2147483647;
			files = (
			);
			inputFileListPaths = (
				"${PODS_ROOT}/Target Support Files/Pods-StampCard-StampCardUITests/Pods-StampCard-StampCardUITests-frameworks-${CONFIGURATION}-input-files.xcfilelist",
			);
			name = "[CP] Embed Pods Frameworks";
			outputFileListPaths = (
				"${PODS_ROOT}/Target Support Files/Pods-StampCard-StampCardUITests/Pods-StampCard-StampCardUITests-frameworks-${CONFIGURATION}-output-files.xcfilelist",
			);
			runOnlyForDeploymentPostprocessing = 0;
			shellPath = /bin/sh;
			shellScript = "\"${PODS_ROOT}/Target Support Files/Pods-StampCard-StampCardUITests/Pods-StampCard-StampCardUITests-frameworks.sh\"\n";
			showEnvVarsInLog = 0;
		};
		BEA72F313D20F2811B20055C /* [CP] Embed Pods Frameworks */ = {
			isa = PBXShellScriptBuildPhase;
			buildActionMask = 2147483647;
			files = (
			);
			inputFileListPaths = (
				"${PODS_ROOT}/Target Support Files/Pods-StampCard/Pods-StampCard-frameworks-${CONFIGURATION}-input-files.xcfilelist",
			);
			name = "[CP] Embed Pods Frameworks";
			outputFileListPaths = (
				"${PODS_ROOT}/Target Support Files/Pods-StampCard/Pods-StampCard-frameworks-${CONFIGURATION}-output-files.xcfilelist",
			);
			runOnlyForDeploymentPostprocessing = 0;
			shellPath = /bin/sh;
			shellScript = "\"${PODS_ROOT}/Target Support Files/Pods-StampCard/Pods-StampCard-frameworks.sh\"\n";
			showEnvVarsInLog = 0;
		};
/* End PBXShellScriptBuildPhase section */

/* Begin PBXSourcesBuildPhase section */
		AEF0A2E124515C3B000664C4 /* Sources */ = {
			isa = PBXSourcesBuildPhase;
			buildActionMask = 2147483647;
			files = (
				AEF0A3202452816A000664C4 /* LoginView.swift in Sources */,
				AEF0A32C2452CEC8000664C4 /* MenuView.swift in Sources */,
				AEF0A3302452CFD7000664C4 /* Menu.swift in Sources */,
				AEF0A3282452C91D000664C4 /* ChangeEmailView.swift in Sources */,
				AEF0A32E2452CF0A000664C4 /* SideMenuView.swift in Sources */,
				AEF0A2EE24515C3B000664C4 /* StampCard.xcdatamodeld in Sources */,
				AE69AF2F2458F85A00CB297B /* DataRepository.swift in Sources */,
				AEF0A2E924515C3B000664C4 /* AppDelegate.swift in Sources */,
				AEF0A32224528783000664C4 /* CreateAccountView.swift in Sources */,
				AEF0A32A2452CE78000664C4 /* MenuRow.swift in Sources */,
				AEF0A2F024515C3B000664C4 /* ContentView.swift in Sources */,
				AEF0A326245289A8000664C4 /* AccountInfoView.swift in Sources */,
				AEF0A2EB24515C3B000664C4 /* SceneDelegate.swift in Sources */,
				AEF0A31E2451A122000664C4 /* QRCodeDisplayView.swift in Sources */,
				AEF0A324245288AD000664C4 /* ChangePasswordView.swift in Sources */,
			);
			runOnlyForDeploymentPostprocessing = 0;
		};
		AEF0A2FA24515C3F000664C4 /* Sources */ = {
			isa = PBXSourcesBuildPhase;
			buildActionMask = 2147483647;
			files = (
				AEF0A30324515C3F000664C4 /* StampCardTests.swift in Sources */,
			);
			runOnlyForDeploymentPostprocessing = 0;
		};
		AEF0A30524515C3F000664C4 /* Sources */ = {
			isa = PBXSourcesBuildPhase;
			buildActionMask = 2147483647;
			files = (
				AEF0A30E24515C3F000664C4 /* StampCardUITests.swift in Sources */,
			);
			runOnlyForDeploymentPostprocessing = 0;
		};
/* End PBXSourcesBuildPhase section */

/* Begin PBXTargetDependency section */
		AEF0A30024515C3F000664C4 /* PBXTargetDependency */ = {
			isa = PBXTargetDependency;
			target = AEF0A2E424515C3B000664C4 /* StampCard */;
			targetProxy = AEF0A2FF24515C3F000664C4 /* PBXContainerItemProxy */;
		};
		AEF0A30B24515C3F000664C4 /* PBXTargetDependency */ = {
			isa = PBXTargetDependency;
			target = AEF0A2E424515C3B000664C4 /* StampCard */;
			targetProxy = AEF0A30A24515C3F000664C4 /* PBXContainerItemProxy */;
		};
/* End PBXTargetDependency section */

/* Begin PBXVariantGroup section */
		AEF0A2F624515C3E000664C4 /* LaunchScreen.storyboard */ = {
			isa = PBXVariantGroup;
			children = (
				AEF0A2F724515C3E000664C4 /* Base */,
			);
			name = LaunchScreen.storyboard;
			sourceTree = "<group>";
		};
/* End PBXVariantGroup section */

/* Begin XCBuildConfiguration section */
		AEF0A31024515C3F000664C4 /* Debug */ = {
			isa = XCBuildConfiguration;
			buildSettings = {
				ALWAYS_SEARCH_USER_PATHS = NO;
				CLANG_ANALYZER_NONNULL = YES;
				CLANG_ANALYZER_NUMBER_OBJECT_CONVERSION = YES_AGGRESSIVE;
				CLANG_CXX_LANGUAGE_STANDARD = "gnu++14";
				CLANG_CXX_LIBRARY = "libc++";
				CLANG_ENABLE_MODULES = YES;
				CLANG_ENABLE_OBJC_ARC = YES;
				CLANG_ENABLE_OBJC_WEAK = YES;
				CLANG_WARN_BLOCK_CAPTURE_AUTORELEASING = YES;
				CLANG_WARN_BOOL_CONVERSION = YES;
				CLANG_WARN_COMMA = YES;
				CLANG_WARN_CONSTANT_CONVERSION = YES;
				CLANG_WARN_DEPRECATED_OBJC_IMPLEMENTATIONS = YES;
				CLANG_WARN_DIRECT_OBJC_ISA_USAGE = YES_ERROR;
				CLANG_WARN_DOCUMENTATION_COMMENTS = YES;
				CLANG_WARN_EMPTY_BODY = YES;
				CLANG_WARN_ENUM_CONVERSION = YES;
				CLANG_WARN_INFINITE_RECURSION = YES;
				CLANG_WARN_INT_CONVERSION = YES;
				CLANG_WARN_NON_LITERAL_NULL_CONVERSION = YES;
				CLANG_WARN_OBJC_IMPLICIT_RETAIN_SELF = YES;
				CLANG_WARN_OBJC_LITERAL_CONVERSION = YES;
				CLANG_WARN_OBJC_ROOT_CLASS = YES_ERROR;
				CLANG_WARN_RANGE_LOOP_ANALYSIS = YES;
				CLANG_WARN_STRICT_PROTOTYPES = YES;
				CLANG_WARN_SUSPICIOUS_MOVE = YES;
				CLANG_WARN_UNGUARDED_AVAILABILITY = YES_AGGRESSIVE;
				CLANG_WARN_UNREACHABLE_CODE = YES;
				CLANG_WARN__DUPLICATE_METHOD_MATCH = YES;
				COPY_PHASE_STRIP = NO;
				DEBUG_INFORMATION_FORMAT = dwarf;
				ENABLE_STRICT_OBJC_MSGSEND = YES;
				ENABLE_TESTABILITY = YES;
				GCC_C_LANGUAGE_STANDARD = gnu11;
				GCC_DYNAMIC_NO_PIC = NO;
				GCC_NO_COMMON_BLOCKS = YES;
				GCC_OPTIMIZATION_LEVEL = 0;
				GCC_PREPROCESSOR_DEFINITIONS = (
					"DEBUG=1",
					"$(inherited)",
				);
				GCC_WARN_64_TO_32_BIT_CONVERSION = YES;
				GCC_WARN_ABOUT_RETURN_TYPE = YES_ERROR;
				GCC_WARN_UNDECLARED_SELECTOR = YES;
				GCC_WARN_UNINITIALIZED_AUTOS = YES_AGGRESSIVE;
				GCC_WARN_UNUSED_FUNCTION = YES;
				GCC_WARN_UNUSED_VARIABLE = YES;
				IPHONEOS_DEPLOYMENT_TARGET = 13.4;
				MTL_ENABLE_DEBUG_INFO = INCLUDE_SOURCE;
				MTL_FAST_MATH = YES;
				ONLY_ACTIVE_ARCH = YES;
				SDKROOT = iphoneos;
				SWIFT_ACTIVE_COMPILATION_CONDITIONS = DEBUG;
				SWIFT_OPTIMIZATION_LEVEL = "-Onone";
			};
			name = Debug;
		};
		AEF0A31124515C3F000664C4 /* Release */ = {
			isa = XCBuildConfiguration;
			buildSettings = {
				ALWAYS_SEARCH_USER_PATHS = NO;
				CLANG_ANALYZER_NONNULL = YES;
				CLANG_ANALYZER_NUMBER_OBJECT_CONVERSION = YES_AGGRESSIVE;
				CLANG_CXX_LANGUAGE_STANDARD = "gnu++14";
				CLANG_CXX_LIBRARY = "libc++";
				CLANG_ENABLE_MODULES = YES;
				CLANG_ENABLE_OBJC_ARC = YES;
				CLANG_ENABLE_OBJC_WEAK = YES;
				CLANG_WARN_BLOCK_CAPTURE_AUTORELEASING = YES;
				CLANG_WARN_BOOL_CONVERSION = YES;
				CLANG_WARN_COMMA = YES;
				CLANG_WARN_CONSTANT_CONVERSION = YES;
				CLANG_WARN_DEPRECATED_OBJC_IMPLEMENTATIONS = YES;
				CLANG_WARN_DIRECT_OBJC_ISA_USAGE = YES_ERROR;
				CLANG_WARN_DOCUMENTATION_COMMENTS = YES;
				CLANG_WARN_EMPTY_BODY = YES;
				CLANG_WARN_ENUM_CONVERSION = YES;
				CLANG_WARN_INFINITE_RECURSION = YES;
				CLANG_WARN_INT_CONVERSION = YES;
				CLANG_WARN_NON_LITERAL_NULL_CONVERSION = YES;
				CLANG_WARN_OBJC_IMPLICIT_RETAIN_SELF = YES;
				CLANG_WARN_OBJC_LITERAL_CONVERSION = YES;
				CLANG_WARN_OBJC_ROOT_CLASS = YES_ERROR;
				CLANG_WARN_RANGE_LOOP_ANALYSIS = YES;
				CLANG_WARN_STRICT_PROTOTYPES = YES;
				CLANG_WARN_SUSPICIOUS_MOVE = YES;
				CLANG_WARN_UNGUARDED_AVAILABILITY = YES_AGGRESSIVE;
				CLANG_WARN_UNREACHABLE_CODE = YES;
				CLANG_WARN__DUPLICATE_METHOD_MATCH = YES;
				COPY_PHASE_STRIP = NO;
				DEBUG_INFORMATION_FORMAT = "dwarf-with-dsym";
				ENABLE_NS_ASSERTIONS = NO;
				ENABLE_STRICT_OBJC_MSGSEND = YES;
				GCC_C_LANGUAGE_STANDARD = gnu11;
				GCC_NO_COMMON_BLOCKS = YES;
				GCC_WARN_64_TO_32_BIT_CONVERSION = YES;
				GCC_WARN_ABOUT_RETURN_TYPE = YES_ERROR;
				GCC_WARN_UNDECLARED_SELECTOR = YES;
				GCC_WARN_UNINITIALIZED_AUTOS = YES_AGGRESSIVE;
				GCC_WARN_UNUSED_FUNCTION = YES;
				GCC_WARN_UNUSED_VARIABLE = YES;
				IPHONEOS_DEPLOYMENT_TARGET = 13.4;
				MTL_ENABLE_DEBUG_INFO = NO;
				MTL_FAST_MATH = YES;
				SDKROOT = iphoneos;
				SWIFT_COMPILATION_MODE = wholemodule;
				SWIFT_OPTIMIZATION_LEVEL = "-O";
				VALIDATE_PRODUCT = YES;
			};
			name = Release;
		};
		AEF0A31324515C3F000664C4 /* Debug */ = {
			isa = XCBuildConfiguration;
			baseConfigurationReference = 2FB134C3A1F7E72033030965 /* Pods-StampCard.debug.xcconfig */;
			buildSettings = {
				ASSETCATALOG_COMPILER_APPICON_NAME = AppIcon;
				CODE_SIGN_STYLE = Automatic;
				DEVELOPMENT_ASSET_PATHS = "\"StampCard/Preview Content\"";
				DEVELOPMENT_TEAM = 5K97LXLCKT;
				ENABLE_PREVIEWS = YES;
				INFOPLIST_FILE = StampCard/Info.plist;
				LD_RUNPATH_SEARCH_PATHS = (
					"$(inherited)",
					"@executable_path/Frameworks",
				);
				PRODUCT_BUNDLE_IDENTIFIER = com.kazudmb.StampCard;
				PRODUCT_NAME = "$(TARGET_NAME)";
				SWIFT_VERSION = 5.0;
				TARGETED_DEVICE_FAMILY = "1,2";
			};
			name = Debug;
		};
		AEF0A31424515C3F000664C4 /* Release */ = {
			isa = XCBuildConfiguration;
			baseConfigurationReference = 2E8896AD732EF7FFAFF1695B /* Pods-StampCard.release.xcconfig */;
			buildSettings = {
				ASSETCATALOG_COMPILER_APPICON_NAME = AppIcon;
				CODE_SIGN_STYLE = Automatic;
				DEVELOPMENT_ASSET_PATHS = "\"StampCard/Preview Content\"";
				DEVELOPMENT_TEAM = 5K97LXLCKT;
				ENABLE_PREVIEWS = YES;
				INFOPLIST_FILE = StampCard/Info.plist;
				LD_RUNPATH_SEARCH_PATHS = (
					"$(inherited)",
					"@executable_path/Frameworks",
				);
				PRODUCT_BUNDLE_IDENTIFIER = com.kazudmb.StampCard;
				PRODUCT_NAME = "$(TARGET_NAME)";
				SWIFT_VERSION = 5.0;
				TARGETED_DEVICE_FAMILY = "1,2";
			};
			name = Release;
		};
		AEF0A31624515C3F000664C4 /* Debug */ = {
			isa = XCBuildConfiguration;
			baseConfigurationReference = 7B91237397A861A1DF10EFD8 /* Pods-StampCardTests.debug.xcconfig */;
			buildSettings = {
				ALWAYS_EMBED_SWIFT_STANDARD_LIBRARIES = YES;
				BUNDLE_LOADER = "$(TEST_HOST)";
				CODE_SIGN_STYLE = Automatic;
				DEVELOPMENT_TEAM = 5K97LXLCKT;
				INFOPLIST_FILE = StampCardTests/Info.plist;
				IPHONEOS_DEPLOYMENT_TARGET = 13.4;
				LD_RUNPATH_SEARCH_PATHS = (
					"$(inherited)",
					"@executable_path/Frameworks",
					"@loader_path/Frameworks",
				);
				PRODUCT_BUNDLE_IDENTIFIER = kazudmb.StampCardTests;
				PRODUCT_NAME = "$(TARGET_NAME)";
				SWIFT_VERSION = 5.0;
				TARGETED_DEVICE_FAMILY = "1,2";
				TEST_HOST = "$(BUILT_PRODUCTS_DIR)/StampCard.app/StampCard";
			};
			name = Debug;
		};
		AEF0A31724515C3F000664C4 /* Release */ = {
			isa = XCBuildConfiguration;
			baseConfigurationReference = 24E5611E96B96172936EC141 /* Pods-StampCardTests.release.xcconfig */;
			buildSettings = {
				ALWAYS_EMBED_SWIFT_STANDARD_LIBRARIES = YES;
				BUNDLE_LOADER = "$(TEST_HOST)";
				CODE_SIGN_STYLE = Automatic;
				DEVELOPMENT_TEAM = 5K97LXLCKT;
				INFOPLIST_FILE = StampCardTests/Info.plist;
				IPHONEOS_DEPLOYMENT_TARGET = 13.4;
				LD_RUNPATH_SEARCH_PATHS = (
					"$(inherited)",
					"@executable_path/Frameworks",
					"@loader_path/Frameworks",
				);
				PRODUCT_BUNDLE_IDENTIFIER = kazudmb.StampCardTests;
				PRODUCT_NAME = "$(TARGET_NAME)";
				SWIFT_VERSION = 5.0;
				TARGETED_DEVICE_FAMILY = "1,2";
				TEST_HOST = "$(BUILT_PRODUCTS_DIR)/StampCard.app/StampCard";
			};
			name = Release;
		};
		AEF0A31924515C3F000664C4 /* Debug */ = {
			isa = XCBuildConfiguration;
			baseConfigurationReference = 2E1C093DA5A9C1547FD53F70 /* Pods-StampCard-StampCardUITests.debug.xcconfig */;
			buildSettings = {
				ALWAYS_EMBED_SWIFT_STANDARD_LIBRARIES = YES;
				CODE_SIGN_STYLE = Automatic;
				DEVELOPMENT_TEAM = 5K97LXLCKT;
				INFOPLIST_FILE = StampCardUITests/Info.plist;
				LD_RUNPATH_SEARCH_PATHS = (
					"$(inherited)",
					"@executable_path/Frameworks",
					"@loader_path/Frameworks",
				);
				PRODUCT_BUNDLE_IDENTIFIER = kazudmb.StampCardUITests;
				PRODUCT_NAME = "$(TARGET_NAME)";
				SWIFT_VERSION = 5.0;
				TARGETED_DEVICE_FAMILY = "1,2";
				TEST_TARGET_NAME = StampCard;
			};
			name = Debug;
		};
		AEF0A31A24515C3F000664C4 /* Release */ = {
			isa = XCBuildConfiguration;
			baseConfigurationReference = 857409F316CC63FBBFA0D423 /* Pods-StampCard-StampCardUITests.release.xcconfig */;
			buildSettings = {
				ALWAYS_EMBED_SWIFT_STANDARD_LIBRARIES = YES;
				CODE_SIGN_STYLE = Automatic;
				DEVELOPMENT_TEAM = 5K97LXLCKT;
				INFOPLIST_FILE = StampCardUITests/Info.plist;
				LD_RUNPATH_SEARCH_PATHS = (
					"$(inherited)",
					"@executable_path/Frameworks",
					"@loader_path/Frameworks",
				);
				PRODUCT_BUNDLE_IDENTIFIER = kazudmb.StampCardUITests;
				PRODUCT_NAME = "$(TARGET_NAME)";
				SWIFT_VERSION = 5.0;
				TARGETED_DEVICE_FAMILY = "1,2";
				TEST_TARGET_NAME = StampCard;
			};
			name = Release;
		};
/* End XCBuildConfiguration section */

/* Begin XCConfigurationList section */
		AEF0A2E024515C3B000664C4 /* Build configuration list for PBXProject "StampCard" */ = {
			isa = XCConfigurationList;
			buildConfigurations = (
				AEF0A31024515C3F000664C4 /* Debug */,
				AEF0A31124515C3F000664C4 /* Release */,
			);
			defaultConfigurationIsVisible = 0;
			defaultConfigurationName = Release;
		};
		AEF0A31224515C3F000664C4 /* Build configuration list for PBXNativeTarget "StampCard" */ = {
			isa = XCConfigurationList;
			buildConfigurations = (
				AEF0A31324515C3F000664C4 /* Debug */,
				AEF0A31424515C3F000664C4 /* Release */,
			);
			defaultConfigurationIsVisible = 0;
			defaultConfigurationName = Release;
		};
		AEF0A31524515C3F000664C4 /* Build configuration list for PBXNativeTarget "StampCardTests" */ = {
			isa = XCConfigurationList;
			buildConfigurations = (
				AEF0A31624515C3F000664C4 /* Debug */,
				AEF0A31724515C3F000664C4 /* Release */,
			);
			defaultConfigurationIsVisible = 0;
			defaultConfigurationName = Release;
		};
		AEF0A31824515C3F000664C4 /* Build configuration list for PBXNativeTarget "StampCardUITests" */ = {
			isa = XCConfigurationList;
			buildConfigurations = (
				AEF0A31924515C3F000664C4 /* Debug */,
				AEF0A31A24515C3F000664C4 /* Release */,
			);
			defaultConfigurationIsVisible = 0;
			defaultConfigurationName = Release;
		};
/* End XCConfigurationList section */

/* Begin XCVersionGroup section */
		AEF0A2EC24515C3B000664C4 /* StampCard.xcdatamodeld */ = {
			isa = XCVersionGroup;
			children = (
				AEF0A2ED24515C3B000664C4 /* StampCard.xcdatamodel */,
			);
			currentVersion = AEF0A2ED24515C3B000664C4 /* StampCard.xcdatamodel */;
			path = StampCard.xcdatamodeld;
			sourceTree = "<group>";
			versionGroupType = wrapper.xcdatamodel;
		};
/* End XCVersionGroup section */
	};
	rootObject = AEF0A2DD24515C3B000664C4 /* Project object */;
}
